{
  "name": "E-Commerce for HoloDecor",
  "lockfileVersion": 3,
  "requires": true,
  "packages": {
    "": {
      "dependencies": {
        "map": "^1.0.1",
        "nodemailer": "^7.0.3"
      }
    },
    "node_modules/map": {
      "version": "1.0.1",
      "resolved": "https://registry.npmjs.org/map/-/map-1.0.1.tgz",
      "integrity": "sha512-fK8tGmhZ+vGpl1a2fOwGBRtVfVulcNj54SWAAL7O8eaJoEjlqm3jFo+C8RQm4piXIHi+BNhqn00EdP5H8gS4bw=="
    },
    "node_modules/nodemailer": {
      "version": "7.0.3",
      "resolved": "https://registry.npmjs.org/nodemailer/-/nodemailer-7.0.3.tgz",
      "integrity": "sha512-Ajq6Sz1x7cIK3pN6KesGTah+1gnwMnx5gKl3piQlQQE/PwyJ4Mbc8is2psWYxK3RJTVeqsDaCv8ZzXLCDHMTZw==",
      "engines": {
        "node": ">=6.0.0"
      }
    }
  }
}
